
Microsoft Visual Studio Solution File, Format Version 12.00
# Visual Studio 15
VisualStudioVersion = 15.0.28307.757
MinimumVisualStudioVersion = 10.0.40219.1
Project("{FAE04EC0-301F-11D3-BF4B-00C04F79EFBC}") = "WinformGame", "WinformGame\WinformGame.csproj", "{3E3A65D8-9BAB-416D-A707-258D2AB643F4}"
EndProject
Global
	GlobalSection(SolutionConfigurationPlatforms) = preSolution
		Debug|Any CPU = Debug|Any CPU
		Release|Any CPU = Release|Any CPU
	EndGlobalSection
	GlobalSection(ProjectConfigurationPlatforms) = postSolution
		{3E3A65D8-9BAB-416D-A707-258D2AB643F4}.Debug|Any CPU.ActiveCfg = Debug|Any CPU
		{3E3A65D8-9BAB-416D-A707-258D2AB643F4}.Debug|Any CPU.Build.0 = Debug|Any CPU
		{3E3A65D8-9BAB-416D-A707-258D2AB643F4}.Release|Any CPU.ActiveCfg = Release|Any CPU
		{3E3A65D8-9BAB-416D-A707-258D2AB643F4}.Release|Any CPU.Build.0 = Release|Any CPU
	EndGlobalSection
	GlobalSection(SolutionProperties) = preSolution
		HideSolutionNode = FALSE
	EndGlobalSection
	GlobalSection(ExtensibilityGlobals) = postSolution
		SolutionGuid = {364C4AA4-56BE-464E-9DC7-072936FDF353}
	EndGlobalSection
EndGlobal
